
Microsoft Visual Studio Solution File, Format Version 12.00
# Visual Studio 15
VisualStudioVersion = 15.0.28010.2046
MinimumVisualStudioVersion = 10.0.40219.1
Project("{FAE04EC0-301F-11D3-BF4B-00C04F79EFBC}") = "Commet_sub_system_ASP_NET", "Commet_sub_system_ASP_NET\Commet_sub_system_ASP_NET.csproj", "{21F1CCB5-71FA-4740-B77A-E4E92BD496AC}"
EndProject
Global
	GlobalSection(SolutionConfigurationPlatforms) = preSolution
		Debug|Any CPU = Debug|Any CPU
		Release|Any CPU = Release|Any CPU
	EndGlobalSection
	GlobalSection(ProjectConfigurationPlatforms) = postSolution
		{21F1CCB5-71FA-4740-B77A-E4E92BD496AC}.Debug|Any CPU.ActiveCfg = Debug|Any CPU
		{21F1CCB5-71FA-4740-B77A-E4E92BD496AC}.Debug|Any CPU.Build.0 = Debug|Any CPU
		{21F1CCB5-71FA-4740-B77A-E4E92BD496AC}.Release|Any CPU.ActiveCfg = Release|Any CPU
		{21F1CCB5-71FA-4740-B77A-E4E92BD496AC}.Release|Any CPU.Build.0 = Release|Any CPU
	EndGlobalSection
	GlobalSection(SolutionProperties) = preSolution
		HideSolutionNode = FALSE
	EndGlobalSection
	GlobalSection(ExtensibilityGlobals) = postSolution
		SolutionGuid = {967295E2-E84B-49CF-B178-F3FD6C435378}
	EndGlobalSection
EndGlobal
