
Microsoft Visual Studio Solution File, Format Version 12.00
# Visual Studio 15
VisualStudioVersion = 15.0.28010.2046
MinimumVisualStudioVersion = 10.0.40219.1
Project("{9A19103F-16F7-4668-BE54-9A1E7A4F7556}") = "CommentSubSystem", "CommentSubSystem\CommentSubSystem.csproj", "{6FF55751-837A-460E-B883-9C1E2CE5286F}"
EndProject
Project("{9A19103F-16F7-4668-BE54-9A1E7A4F7556}") = "Library", "Library\Library.csproj", "{441FF6AD-912E-4599-B46F-FDC7FA57A45B}"
EndProject
Project("{9A19103F-16F7-4668-BE54-9A1E7A4F7556}") = "Service", "Service\Service.csproj", "{80ABD326-BE97-4E43-BD36-4595C232B85E}"
EndProject
Global
	GlobalSection(SolutionConfigurationPlatforms) = preSolution
		Debug|Any CPU = Debug|Any CPU
		Release|Any CPU = Release|Any CPU
	EndGlobalSection
	GlobalSection(ProjectConfigurationPlatforms) = postSolution
		{6FF55751-837A-460E-B883-9C1E2CE5286F}.Debug|Any CPU.ActiveCfg = Debug|Any CPU
		{6FF55751-837A-460E-B883-9C1E2CE5286F}.Debug|Any CPU.Build.0 = Debug|Any CPU
		{6FF55751-837A-460E-B883-9C1E2CE5286F}.Release|Any CPU.ActiveCfg = Release|Any CPU
		{6FF55751-837A-460E-B883-9C1E2CE5286F}.Release|Any CPU.Build.0 = Release|Any CPU
		{441FF6AD-912E-4599-B46F-FDC7FA57A45B}.Debug|Any CPU.ActiveCfg = Debug|Any CPU
		{441FF6AD-912E-4599-B46F-FDC7FA57A45B}.Debug|Any CPU.Build.0 = Debug|Any CPU
		{441FF6AD-912E-4599-B46F-FDC7FA57A45B}.Release|Any CPU.ActiveCfg = Release|Any CPU
		{441FF6AD-912E-4599-B46F-FDC7FA57A45B}.Release|Any CPU.Build.0 = Release|Any CPU
		{80ABD326-BE97-4E43-BD36-4595C232B85E}.Debug|Any CPU.ActiveCfg = Debug|Any CPU
		{80ABD326-BE97-4E43-BD36-4595C232B85E}.Debug|Any CPU.Build.0 = Debug|Any CPU
		{80ABD326-BE97-4E43-BD36-4595C232B85E}.Release|Any CPU.ActiveCfg = Release|Any CPU
		{80ABD326-BE97-4E43-BD36-4595C232B85E}.Release|Any CPU.Build.0 = Release|Any CPU
	EndGlobalSection
	GlobalSection(SolutionProperties) = preSolution
		HideSolutionNode = FALSE
	EndGlobalSection
	GlobalSection(ExtensibilityGlobals) = postSolution
		SolutionGuid = {967295E2-E84B-49CF-B178-F3FD6C435378}
	EndGlobalSection
EndGlobal
